
Microsoft Visual Studio Solution File, Format Version 12.00
# Visual Studio Version 16
VisualStudioVersion = 16.0.30114.105
MinimumVisualStudioVersion = 10.0.40219.1
Project("{2150E333-8FDC-42A3-9474-1A3956D46DE8}") = "src", "src", "{10321627-4A41-434B-B0F7-6EA621E78B58}"
EndProject
Project("{2150E333-8FDC-42A3-9474-1A3956D46DE8}") = "Build", "Build", "{F702A1B5-25E3-4D80-8674-164C7A455DF8}"
	ProjectSection(SolutionItems) = preProject
		docker-compose.yml = docker-compose.yml
		src\Dockerfile.Ordering.api = src\Dockerfile.Ordering.api
		src\Dockerfile.Ordering.worker = src\Dockerfile.Ordering.worker
	EndProjectSection
EndProject
Project("{2150E333-8FDC-42A3-9474-1A3956D46DE8}") = "BuildingBlocks", "BuildingBlocks", "{B84D5A65-D1A4-4FA1-AD9D-82265C15FE6A}"
EndProject
Project("{FAE04EC0-301F-11D3-BF4B-00C04F79EFBC}") = "BuildingBlocks", "src\BuildingBlocks\BuildingBlocks\BuildingBlocks.csproj", "{E4D77C1B-4E71-4D51-AAC3-C49A3B572E2D}"
EndProject
Project("{FAE04EC0-301F-11D3-BF4B-00C04F79EFBC}") = "BuildingBlocks.Messaging", "src\BuildingBlocks\BuildingBlocks.Messaging\BuildingBlocks.Messaging.csproj", "{F0670BDE-23DF-4197-9F50-ED1A9C26E132}"
EndProject
Project("{2150E333-8FDC-42A3-9474-1A3956D46DE8}") = "Ordering", "Ordering", "{A1D895E4-EB54-488E-B03E-E5E35ADE38BA}"
EndProject
Project("{FAE04EC0-301F-11D3-BF4B-00C04F79EFBC}") = "Ordering-Api", "src\Ordering\Ordering-Api\Ordering-Api.csproj", "{4CBC4633-91C0-4AA8-8B9F-2FB2C89AF912}"
EndProject
Project("{FAE04EC0-301F-11D3-BF4B-00C04F79EFBC}") = "Ordering-Core", "src\Ordering\Ordering-Core\Ordering-Core.csproj", "{4071C2FB-7904-4E49-8C0D-CBC79F4193C5}"
EndProject
Project("{FAE04EC0-301F-11D3-BF4B-00C04F79EFBC}") = "Ordering-Worker", "src\Ordering\Ordering-Worker\Ordering-Worker.csproj", "{841BF8E3-9EF7-4FF9-AE10-27042782FD51}"
EndProject
Project("{2150E333-8FDC-42A3-9474-1A3956D46DE8}") = "Basket", "Basket", "{4F40E0B8-5FF5-4965-A9B0-94C2E30AC7DE}"
EndProject
Project("{FAE04EC0-301F-11D3-BF4B-00C04F79EFBC}") = "Basket-Api", "src\Basket\Basket-Api\Basket-Api.csproj", "{6DBE89A5-A5CE-4C53-9DE2-92D923525A4B}"
EndProject
Project("{FAE04EC0-301F-11D3-BF4B-00C04F79EFBC}") = "Basket-Core", "src\Basket\Basket-Core\Basket-Core.csproj", "{4FEEF691-682F-41E0-94CB-F64B06B381A3}"
EndProject
Project("{FAE04EC0-301F-11D3-BF4B-00C04F79EFBC}") = "Basket-Worker", "src\Basket\Basket-Worker\Basket-Worker.csproj", "{AA602AC3-5608-47CA-8C93-88F29306068B}"
EndProject
Project("{2150E333-8FDC-42A3-9474-1A3956D46DE8}") = "Catalog", "Catalog", "{1484FA4C-C096-4F08-A318-DB92CA1C22EC}"
EndProject
Project("{FAE04EC0-301F-11D3-BF4B-00C04F79EFBC}") = "Catalog-Api", "src\Catalog\Catalog-Api\Catalog-Api.csproj", "{6B61FCCA-8E8B-49A3-B5EC-31D19A21A59A}"
EndProject
Project("{FAE04EC0-301F-11D3-BF4B-00C04F79EFBC}") = "Catalog-Core", "src\Catalog\Catalog-Core\Catalog-Core.csproj", "{20DB7E68-8A89-46F4-9350-7487C2E2CD5F}"
EndProject
Project("{FAE04EC0-301F-11D3-BF4B-00C04F79EFBC}") = "Catalog-Worker", "src\Catalog\Catalog-Worker\Catalog-Worker.csproj", "{7556D892-45F8-411B-A15C-3A4409A64158}"
EndProject
Project("{FAE04EC0-301F-11D3-BF4B-00C04F79EFBC}") = "Basket-Infrastructure", "src\Basket\Basket-Infrastructure\Basket-Infrastructure.csproj", "{0472A157-4774-4F66-A63C-7BF8993F202B}"
EndProject
Project("{FAE04EC0-301F-11D3-BF4B-00C04F79EFBC}") = "Ordering-Infrastructure", "src\Ordering\Ordering-Infrastructure\Ordering-Infrastructure.csproj", "{2E488ABE-A0D8-4F42-B3EB-DDE30E315FB3}"
EndProject
Project("{FAE04EC0-301F-11D3-BF4B-00C04F79EFBC}") = "Catalog-Infrastructure", "src\Catalog\Catalog-Infrastructure\Catalog-Infrastructure.csproj", "{D0B53765-43BB-4857-96D3-46FD48D4CA94}"
EndProject
Project("{FAE04EC0-301F-11D3-BF4B-00C04F79EFBC}") = "OrderGrpcContracts", "src\BuildingBlocks\Protos\OrderGrpcContracts\OrderGrpcContracts.csproj", "{F152D8D3-7074-44D9-A2BF-89C52CFF0607}"
EndProject
Project("{FAE04EC0-301F-11D3-BF4B-00C04F79EFBC}") = "ProductGrpcContracts", "src\BuildingBlocks\Protos\ProductGrpcContracts\ProductGrpcContracts.csproj", "{17098336-E3E5-4541-843F-FCEC4DC24D94}"
EndProject
Global
	GlobalSection(SolutionConfigurationPlatforms) = preSolution
		Debug|Any CPU = Debug|Any CPU
		Release|Any CPU = Release|Any CPU
	EndGlobalSection
	GlobalSection(SolutionProperties) = preSolution
		HideSolutionNode = FALSE
	EndGlobalSection
	GlobalSection(ProjectConfigurationPlatforms) = postSolution
		{E4D77C1B-4E71-4D51-AAC3-C49A3B572E2D}.Debug|Any CPU.ActiveCfg = Debug|Any CPU
		{E4D77C1B-4E71-4D51-AAC3-C49A3B572E2D}.Debug|Any CPU.Build.0 = Debug|Any CPU
		{E4D77C1B-4E71-4D51-AAC3-C49A3B572E2D}.Release|Any CPU.ActiveCfg = Release|Any CPU
		{E4D77C1B-4E71-4D51-AAC3-C49A3B572E2D}.Release|Any CPU.Build.0 = Release|Any CPU
		{F0670BDE-23DF-4197-9F50-ED1A9C26E132}.Debug|Any CPU.ActiveCfg = Debug|Any CPU
		{F0670BDE-23DF-4197-9F50-ED1A9C26E132}.Debug|Any CPU.Build.0 = Debug|Any CPU
		{F0670BDE-23DF-4197-9F50-ED1A9C26E132}.Release|Any CPU.ActiveCfg = Release|Any CPU
		{F0670BDE-23DF-4197-9F50-ED1A9C26E132}.Release|Any CPU.Build.0 = Release|Any CPU
		{4CBC4633-91C0-4AA8-8B9F-2FB2C89AF912}.Debug|Any CPU.ActiveCfg = Debug|Any CPU
		{4CBC4633-91C0-4AA8-8B9F-2FB2C89AF912}.Debug|Any CPU.Build.0 = Debug|Any CPU
		{4CBC4633-91C0-4AA8-8B9F-2FB2C89AF912}.Release|Any CPU.ActiveCfg = Release|Any CPU
		{4CBC4633-91C0-4AA8-8B9F-2FB2C89AF912}.Release|Any CPU.Build.0 = Release|Any CPU
		{4071C2FB-7904-4E49-8C0D-CBC79F4193C5}.Debug|Any CPU.ActiveCfg = Debug|Any CPU
		{4071C2FB-7904-4E49-8C0D-CBC79F4193C5}.Debug|Any CPU.Build.0 = Debug|Any CPU
		{4071C2FB-7904-4E49-8C0D-CBC79F4193C5}.Release|Any CPU.ActiveCfg = Release|Any CPU
		{4071C2FB-7904-4E49-8C0D-CBC79F4193C5}.Release|Any CPU.Build.0 = Release|Any CPU
		{841BF8E3-9EF7-4FF9-AE10-27042782FD51}.Debug|Any CPU.ActiveCfg = Debug|Any CPU
		{841BF8E3-9EF7-4FF9-AE10-27042782FD51}.Debug|Any CPU.Build.0 = Debug|Any CPU
		{841BF8E3-9EF7-4FF9-AE10-27042782FD51}.Release|Any CPU.ActiveCfg = Release|Any CPU
		{841BF8E3-9EF7-4FF9-AE10-27042782FD51}.Release|Any CPU.Build.0 = Release|Any CPU
		{6DBE89A5-A5CE-4C53-9DE2-92D923525A4B}.Debug|Any CPU.ActiveCfg = Debug|Any CPU
		{6DBE89A5-A5CE-4C53-9DE2-92D923525A4B}.Debug|Any CPU.Build.0 = Debug|Any CPU
		{6DBE89A5-A5CE-4C53-9DE2-92D923525A4B}.Release|Any CPU.ActiveCfg = Release|Any CPU
		{6DBE89A5-A5CE-4C53-9DE2-92D923525A4B}.Release|Any CPU.Build.0 = Release|Any CPU
		{4FEEF691-682F-41E0-94CB-F64B06B381A3}.Debug|Any CPU.ActiveCfg = Debug|Any CPU
		{4FEEF691-682F-41E0-94CB-F64B06B381A3}.Debug|Any CPU.Build.0 = Debug|Any CPU
		{4FEEF691-682F-41E0-94CB-F64B06B381A3}.Release|Any CPU.ActiveCfg = Release|Any CPU
		{4FEEF691-682F-41E0-94CB-F64B06B381A3}.Release|Any CPU.Build.0 = Release|Any CPU
		{AA602AC3-5608-47CA-8C93-88F29306068B}.Debug|Any CPU.ActiveCfg = Debug|Any CPU
		{AA602AC3-5608-47CA-8C93-88F29306068B}.Debug|Any CPU.Build.0 = Debug|Any CPU
		{AA602AC3-5608-47CA-8C93-88F29306068B}.Release|Any CPU.ActiveCfg = Release|Any CPU
		{AA602AC3-5608-47CA-8C93-88F29306068B}.Release|Any CPU.Build.0 = Release|Any CPU
		{6B61FCCA-8E8B-49A3-B5EC-31D19A21A59A}.Debug|Any CPU.ActiveCfg = Debug|Any CPU
		{6B61FCCA-8E8B-49A3-B5EC-31D19A21A59A}.Debug|Any CPU.Build.0 = Debug|Any CPU
		{6B61FCCA-8E8B-49A3-B5EC-31D19A21A59A}.Release|Any CPU.ActiveCfg = Release|Any CPU
		{6B61FCCA-8E8B-49A3-B5EC-31D19A21A59A}.Release|Any CPU.Build.0 = Release|Any CPU
		{20DB7E68-8A89-46F4-9350-7487C2E2CD5F}.Debug|Any CPU.ActiveCfg = Debug|Any CPU
		{20DB7E68-8A89-46F4-9350-7487C2E2CD5F}.Debug|Any CPU.Build.0 = Debug|Any CPU
		{20DB7E68-8A89-46F4-9350-7487C2E2CD5F}.Release|Any CPU.ActiveCfg = Release|Any CPU
		{20DB7E68-8A89-46F4-9350-7487C2E2CD5F}.Release|Any CPU.Build.0 = Release|Any CPU
		{7556D892-45F8-411B-A15C-3A4409A64158}.Debug|Any CPU.ActiveCfg = Debug|Any CPU
		{7556D892-45F8-411B-A15C-3A4409A64158}.Debug|Any CPU.Build.0 = Debug|Any CPU
		{7556D892-45F8-411B-A15C-3A4409A64158}.Release|Any CPU.ActiveCfg = Release|Any CPU
		{7556D892-45F8-411B-A15C-3A4409A64158}.Release|Any CPU.Build.0 = Release|Any CPU
		{0472A157-4774-4F66-A63C-7BF8993F202B}.Debug|Any CPU.ActiveCfg = Debug|Any CPU
		{0472A157-4774-4F66-A63C-7BF8993F202B}.Debug|Any CPU.Build.0 = Debug|Any CPU
		{0472A157-4774-4F66-A63C-7BF8993F202B}.Release|Any CPU.ActiveCfg = Release|Any CPU
		{0472A157-4774-4F66-A63C-7BF8993F202B}.Release|Any CPU.Build.0 = Release|Any CPU
		{2E488ABE-A0D8-4F42-B3EB-DDE30E315FB3}.Debug|Any CPU.ActiveCfg = Debug|Any CPU
		{2E488ABE-A0D8-4F42-B3EB-DDE30E315FB3}.Debug|Any CPU.Build.0 = Debug|Any CPU
		{2E488ABE-A0D8-4F42-B3EB-DDE30E315FB3}.Release|Any CPU.ActiveCfg = Release|Any CPU
		{2E488ABE-A0D8-4F42-B3EB-DDE30E315FB3}.Release|Any CPU.Build.0 = Release|Any CPU
		{D0B53765-43BB-4857-96D3-46FD48D4CA94}.Debug|Any CPU.ActiveCfg = Debug|Any CPU
		{D0B53765-43BB-4857-96D3-46FD48D4CA94}.Debug|Any CPU.Build.0 = Debug|Any CPU
		{D0B53765-43BB-4857-96D3-46FD48D4CA94}.Release|Any CPU.ActiveCfg = Release|Any CPU
		{D0B53765-43BB-4857-96D3-46FD48D4CA94}.Release|Any CPU.Build.0 = Release|Any CPU
		{F152D8D3-7074-44D9-A2BF-89C52CFF0607}.Debug|Any CPU.ActiveCfg = Debug|Any CPU
		{F152D8D3-7074-44D9-A2BF-89C52CFF0607}.Debug|Any CPU.Build.0 = Debug|Any CPU
		{F152D8D3-7074-44D9-A2BF-89C52CFF0607}.Release|Any CPU.ActiveCfg = Release|Any CPU
		{F152D8D3-7074-44D9-A2BF-89C52CFF0607}.Release|Any CPU.Build.0 = Release|Any CPU
		{17098336-E3E5-4541-843F-FCEC4DC24D94}.Debug|Any CPU.ActiveCfg = Debug|Any CPU
		{17098336-E3E5-4541-843F-FCEC4DC24D94}.Debug|Any CPU.Build.0 = Debug|Any CPU
		{17098336-E3E5-4541-843F-FCEC4DC24D94}.Release|Any CPU.ActiveCfg = Release|Any CPU
		{17098336-E3E5-4541-843F-FCEC4DC24D94}.Release|Any CPU.Build.0 = Release|Any CPU
	EndGlobalSection
	GlobalSection(NestedProjects) = preSolution
		{B84D5A65-D1A4-4FA1-AD9D-82265C15FE6A} = {10321627-4A41-434B-B0F7-6EA621E78B58}
		{E4D77C1B-4E71-4D51-AAC3-C49A3B572E2D} = {B84D5A65-D1A4-4FA1-AD9D-82265C15FE6A}
		{F0670BDE-23DF-4197-9F50-ED1A9C26E132} = {B84D5A65-D1A4-4FA1-AD9D-82265C15FE6A}
		{A1D895E4-EB54-488E-B03E-E5E35ADE38BA} = {10321627-4A41-434B-B0F7-6EA621E78B58}
		{4CBC4633-91C0-4AA8-8B9F-2FB2C89AF912} = {A1D895E4-EB54-488E-B03E-E5E35ADE38BA}
		{4071C2FB-7904-4E49-8C0D-CBC79F4193C5} = {A1D895E4-EB54-488E-B03E-E5E35ADE38BA}
		{841BF8E3-9EF7-4FF9-AE10-27042782FD51} = {A1D895E4-EB54-488E-B03E-E5E35ADE38BA}
		{4F40E0B8-5FF5-4965-A9B0-94C2E30AC7DE} = {10321627-4A41-434B-B0F7-6EA621E78B58}
		{6DBE89A5-A5CE-4C53-9DE2-92D923525A4B} = {4F40E0B8-5FF5-4965-A9B0-94C2E30AC7DE}
		{4FEEF691-682F-41E0-94CB-F64B06B381A3} = {4F40E0B8-5FF5-4965-A9B0-94C2E30AC7DE}
		{AA602AC3-5608-47CA-8C93-88F29306068B} = {4F40E0B8-5FF5-4965-A9B0-94C2E30AC7DE}
		{1484FA4C-C096-4F08-A318-DB92CA1C22EC} = {10321627-4A41-434B-B0F7-6EA621E78B58}
		{6B61FCCA-8E8B-49A3-B5EC-31D19A21A59A} = {1484FA4C-C096-4F08-A318-DB92CA1C22EC}
		{20DB7E68-8A89-46F4-9350-7487C2E2CD5F} = {1484FA4C-C096-4F08-A318-DB92CA1C22EC}
		{7556D892-45F8-411B-A15C-3A4409A64158} = {1484FA4C-C096-4F08-A318-DB92CA1C22EC}
		{0472A157-4774-4F66-A63C-7BF8993F202B} = {4F40E0B8-5FF5-4965-A9B0-94C2E30AC7DE}
		{2E488ABE-A0D8-4F42-B3EB-DDE30E315FB3} = {A1D895E4-EB54-488E-B03E-E5E35ADE38BA}
		{D0B53765-43BB-4857-96D3-46FD48D4CA94} = {1484FA4C-C096-4F08-A318-DB92CA1C22EC}
		{F152D8D3-7074-44D9-A2BF-89C52CFF0607} = {B84D5A65-D1A4-4FA1-AD9D-82265C15FE6A}
		{17098336-E3E5-4541-843F-FCEC4DC24D94} = {B84D5A65-D1A4-4FA1-AD9D-82265C15FE6A}
	EndGlobalSection
EndGlobal
